
Microsoft Visual Studio Solution File, Format Version 12.00
# Visual Studio Version 17
VisualStudioVersion = 17.8.34316.72
MinimumVisualStudioVersion = 10.0.40219.1
Project("{FAE04EC0-301F-11D3-BF4B-00C04F79EFBC}") = "DesafioFundamentosDIO", "DesafioFundamentosDIO\DesafioFundamentosDIO.csproj", "{F802EC20-6BC6-4F1E-83A9-86AAAA742CD3}"
EndProject
Global
	GlobalSection(SolutionConfigurationPlatforms) = preSolution
		Debug|Any CPU = Debug|Any CPU
		Release|Any CPU = Release|Any CPU
	EndGlobalSection
	GlobalSection(ProjectConfigurationPlatforms) = postSolution
		{F802EC20-6BC6-4F1E-83A9-86AAAA742CD3}.Debug|Any CPU.ActiveCfg = Debug|Any CPU
		{F802EC20-6BC6-4F1E-83A9-86AAAA742CD3}.Debug|Any CPU.Build.0 = Debug|Any CPU
		{F802EC20-6BC6-4F1E-83A9-86AAAA742CD3}.Release|Any CPU.ActiveCfg = Release|Any CPU
		{F802EC20-6BC6-4F1E-83A9-86AAAA742CD3}.Release|Any CPU.Build.0 = Release|Any CPU
	EndGlobalSection
	GlobalSection(SolutionProperties) = preSolution
		HideSolutionNode = FALSE
	EndGlobalSection
	GlobalSection(ExtensibilityGlobals) = postSolution
		SolutionGuid = {681F8599-7ED3-4E48-857E-410F0FCE1E7E}
	EndGlobalSection
EndGlobal
